{
  "name": "kaleidoscope",
  "version": "0.0.1",
  "lockfileVersion": 1,
  "requires": true,
  "dependencies": {
    "assertion-error": {
      "version": "1.1.0",
      "resolved": "https://registry.npmjs.org/assertion-error/-/assertion-error-1.1.0.tgz",
      "integrity": "sha512-jgsaNduz+ndvGyFt3uSuWqvy4lCnIJiovtouQN5JZHOKCS2QuhEdbcQHFhVksz2N2U9hXJo8odG7ETyWlEeuDw==",
      "dev": true
    },
    "chai": {
      "version": "3.5.0",
      "resolved": "http://registry.npmjs.org/chai/-/chai-3.5.0.tgz",
      "integrity": "sha1-TQJjewZ/6Vi9v906QOxW/vc3Mkc=",
      "dev": true,
      "requires": {
        "assertion-error": "^1.0.1",
        "deep-eql": "^0.1.3",
        "type-detect": "^1.0.0"
      }
    },
    "deep-eql": {
      "version": "0.1.3",
      "resolved": "http://registry.npmjs.org/deep-eql/-/deep-eql-0.1.3.tgz",
      "integrity": "sha1-71WKyrjeJSBs1xOQbXTlaTDrafI=",
      "dev": true,
      "requires": {
        "type-detect": "0.1.1"
      },
      "dependencies": {
        "type-detect": {
          "version": "0.1.1",
          "resolved": "https://registry.npmjs.org/type-detect/-/type-detect-0.1.1.tgz",
          "integrity": "sha1-C6XsKohWQORw6k6FBZcZANrFiCI=",
          "dev": true
        }
      }
    },
    "es6-promise": {
      "version": "3.3.1",
      "resolved": "http://registry.npmjs.org/es6-promise/-/es6-promise-3.3.1.tgz",
      "integrity": "sha1-oIzd6EzNvzTQJ6FFG8kdS80ophM=",
      "dev": true
    },
    "firebase-bolt": {
      "version": "0.8.4",
      "resolved": "https://registry.npmjs.org/firebase-bolt/-/firebase-bolt-0.8.4.tgz",
      "integrity": "sha1-dpDujubTp1CkEgHfNe4yk2+C0iw=",
      "dev": true,
      "requires": {
        "chai": "^3.2.0",
        "es6-promise": "^3.2.1",
        "firebase-token-generator": "^2.0.0",
        "minimist": "^1.2.0",
        "node-uuid": "^1.4.3"
      }
    },
    "firebase-token-generator": {
      "version": "2.0.0",
      "resolved": "http://registry.npmjs.org/firebase-token-generator/-/firebase-token-generator-2.0.0.tgz",
      "integrity": "sha1-l2fXWewTq9yZuhFf1eqZ2Lk9EgY=",
      "dev": true
    },
    "minimist": {
      "version": "1.2.0",
      "resolved": "http://registry.npmjs.org/minimist/-/minimist-1.2.0.tgz",
      "integrity": "sha1-o1AIsg9BOD7sH7kU9M1d95omQoQ=",
      "dev": true
    },
    "node-uuid": {
      "version": "1.4.8",
      "resolved": "https://registry.npmjs.org/node-uuid/-/node-uuid-1.4.8.tgz",
      "integrity": "sha1-sEDrCSOWivq/jTL7HxfxFn/auQc=",
      "dev": true
    },
    "type-detect": {
      "version": "1.0.0",
      "resolved": "https://registry.npmjs.org/type-detect/-/type-detect-1.0.0.tgz",
      "integrity": "sha1-diIXzAbbJY7EiQihKY6LlRIejqI=",
      "dev": true
    }
  }
}
